
Microsoft Visual Studio Solution File, Format Version 12.00
# Visual Studio Version 17
VisualStudioVersion = 17.14.36221.1
MinimumVisualStudioVersion = 10.0.40219.1
Project("{8BC9CEB8-8B4A-11D0-8D11-00A0C91BC942}") = "Program", "Program.vcxproj", "{4F00DE2F-170A-4D10-A023-8053B74D57B1}"
EndProject
Project("{8BC9CEB8-8B4A-11D0-8D11-00A0C91BC942}") = "Class1st (Time)", "..\Class1st (Time)\Class1st (Time).vcxproj", "{2BE8DE07-3F50-40D5-8A57-8E3A77A64118}"
EndProject
Project("{8BC9CEB8-8B4A-11D0-8D11-00A0C91BC942}") = "Class2nd (File Input & Output)", "..\Class2nd (File Input & Output)\Class2nd (File Input & Output).vcxproj", "{E62BAC0C-685D-4C89-925A-6D800E07600D}"
EndProject
Global
	GlobalSection(SolutionConfigurationPlatforms) = preSolution
		Debug|x64 = Debug|x64
		Debug|x86 = Debug|x86
		Release|x64 = Release|x64
		Release|x86 = Release|x86
	EndGlobalSection
	GlobalSection(ProjectConfigurationPlatforms) = postSolution
		{4F00DE2F-170A-4D10-A023-8053B74D57B1}.Debug|x64.ActiveCfg = Debug|x64
		{4F00DE2F-170A-4D10-A023-8053B74D57B1}.Debug|x64.Build.0 = Debug|x64
		{4F00DE2F-170A-4D10-A023-8053B74D57B1}.Debug|x86.ActiveCfg = Debug|Win32
		{4F00DE2F-170A-4D10-A023-8053B74D57B1}.Debug|x86.Build.0 = Debug|Win32
		{4F00DE2F-170A-4D10-A023-8053B74D57B1}.Release|x64.ActiveCfg = Release|x64
		{4F00DE2F-170A-4D10-A023-8053B74D57B1}.Release|x64.Build.0 = Release|x64
		{4F00DE2F-170A-4D10-A023-8053B74D57B1}.Release|x86.ActiveCfg = Release|Win32
		{4F00DE2F-170A-4D10-A023-8053B74D57B1}.Release|x86.Build.0 = Release|Win32
		{2BE8DE07-3F50-40D5-8A57-8E3A77A64118}.Debug|x64.ActiveCfg = Debug|x64
		{2BE8DE07-3F50-40D5-8A57-8E3A77A64118}.Debug|x64.Build.0 = Debug|x64
		{2BE8DE07-3F50-40D5-8A57-8E3A77A64118}.Debug|x86.ActiveCfg = Debug|Win32
		{2BE8DE07-3F50-40D5-8A57-8E3A77A64118}.Debug|x86.Build.0 = Debug|Win32
		{2BE8DE07-3F50-40D5-8A57-8E3A77A64118}.Release|x64.ActiveCfg = Release|x64
		{2BE8DE07-3F50-40D5-8A57-8E3A77A64118}.Release|x64.Build.0 = Release|x64
		{2BE8DE07-3F50-40D5-8A57-8E3A77A64118}.Release|x86.ActiveCfg = Release|Win32
		{2BE8DE07-3F50-40D5-8A57-8E3A77A64118}.Release|x86.Build.0 = Release|Win32
		{E62BAC0C-685D-4C89-925A-6D800E07600D}.Debug|x64.ActiveCfg = Debug|x64
		{E62BAC0C-685D-4C89-925A-6D800E07600D}.Debug|x64.Build.0 = Debug|x64
		{E62BAC0C-685D-4C89-925A-6D800E07600D}.Debug|x86.ActiveCfg = Debug|Win32
		{E62BAC0C-685D-4C89-925A-6D800E07600D}.Debug|x86.Build.0 = Debug|Win32
		{E62BAC0C-685D-4C89-925A-6D800E07600D}.Release|x64.ActiveCfg = Release|x64
		{E62BAC0C-685D-4C89-925A-6D800E07600D}.Release|x64.Build.0 = Release|x64
		{E62BAC0C-685D-4C89-925A-6D800E07600D}.Release|x86.ActiveCfg = Release|Win32
		{E62BAC0C-685D-4C89-925A-6D800E07600D}.Release|x86.Build.0 = Release|Win32
	EndGlobalSection
	GlobalSection(SolutionProperties) = preSolution
		HideSolutionNode = FALSE
	EndGlobalSection
	GlobalSection(ExtensibilityGlobals) = postSolution
		SolutionGuid = {1E67E7C8-4858-412B-A9E1-53D20EAA7439}
	EndGlobalSection
EndGlobal
